
Microsoft Visual Studio Solution File, Format Version 12.00
# Visual Studio Version 16
VisualStudioVersion = 16.0.31702.278
MinimumVisualStudioVersion = 10.0.40219.1
Project("{9A19103F-16F7-4668-BE54-9A1E7A4F7556}") = "Task1", "Task1\Task1.csproj", "{DC5E1B97-A3F4-4D68-9B66-CD610B5817CB}"
EndProject
Project("{9A19103F-16F7-4668-BE54-9A1E7A4F7556}") = "Task2", "Task2\Task2.csproj", "{D8D77935-E27C-4568-A7AE-F990C5B337F1}"
EndProject
Project("{FAE04EC0-301F-11D3-BF4B-00C04F79EFBC}") = "TestLab2Task1", "TestLab2Task1\TestLab2Task1.csproj", "{D517CF67-F1DB-4282-B751-2FE2BACF069C}"
EndProject
Project("{FAE04EC0-301F-11D3-BF4B-00C04F79EFBC}") = "TestLab2Task2", "TestLab2Task2\TestLab2Task2.csproj", "{88A63CC1-3B6E-4599-B478-5B93FC991C25}"
EndProject
Global
	GlobalSection(SolutionConfigurationPlatforms) = preSolution
		Debug|Any CPU = Debug|Any CPU
		Release|Any CPU = Release|Any CPU
	EndGlobalSection
	GlobalSection(ProjectConfigurationPlatforms) = postSolution
		{DC5E1B97-A3F4-4D68-9B66-CD610B5817CB}.Debug|Any CPU.ActiveCfg = Debug|Any CPU
		{DC5E1B97-A3F4-4D68-9B66-CD610B5817CB}.Debug|Any CPU.Build.0 = Debug|Any CPU
		{DC5E1B97-A3F4-4D68-9B66-CD610B5817CB}.Release|Any CPU.ActiveCfg = Release|Any CPU
		{DC5E1B97-A3F4-4D68-9B66-CD610B5817CB}.Release|Any CPU.Build.0 = Release|Any CPU
		{D8D77935-E27C-4568-A7AE-F990C5B337F1}.Debug|Any CPU.ActiveCfg = Debug|Any CPU
		{D8D77935-E27C-4568-A7AE-F990C5B337F1}.Debug|Any CPU.Build.0 = Debug|Any CPU
		{D8D77935-E27C-4568-A7AE-F990C5B337F1}.Release|Any CPU.ActiveCfg = Release|Any CPU
		{D8D77935-E27C-4568-A7AE-F990C5B337F1}.Release|Any CPU.Build.0 = Release|Any CPU
		{D517CF67-F1DB-4282-B751-2FE2BACF069C}.Debug|Any CPU.ActiveCfg = Debug|Any CPU
		{D517CF67-F1DB-4282-B751-2FE2BACF069C}.Debug|Any CPU.Build.0 = Debug|Any CPU
		{D517CF67-F1DB-4282-B751-2FE2BACF069C}.Release|Any CPU.ActiveCfg = Release|Any CPU
		{D517CF67-F1DB-4282-B751-2FE2BACF069C}.Release|Any CPU.Build.0 = Release|Any CPU
		{88A63CC1-3B6E-4599-B478-5B93FC991C25}.Debug|Any CPU.ActiveCfg = Debug|Any CPU
		{88A63CC1-3B6E-4599-B478-5B93FC991C25}.Debug|Any CPU.Build.0 = Debug|Any CPU
		{88A63CC1-3B6E-4599-B478-5B93FC991C25}.Release|Any CPU.ActiveCfg = Release|Any CPU
		{88A63CC1-3B6E-4599-B478-5B93FC991C25}.Release|Any CPU.Build.0 = Release|Any CPU
	EndGlobalSection
	GlobalSection(SolutionProperties) = preSolution
		HideSolutionNode = FALSE
	EndGlobalSection
	GlobalSection(ExtensibilityGlobals) = postSolution
		SolutionGuid = {BF79F631-D1C5-4DFE-8587-9F82FCADD5BA}
	EndGlobalSection
EndGlobal
