
Microsoft Visual Studio Solution File, Format Version 12.00
# Visual Studio Version 16
VisualStudioVersion = 16.0.31702.278
MinimumVisualStudioVersion = 10.0.40219.1
Project("{9A19103F-16F7-4668-BE54-9A1E7A4F7556}") = "Lab 4", "Lab 4\Lab 4.csproj", "{43ADBD47-40A3-48CD-B3CC-2DEA560A769C}"
EndProject
Project("{FAE04EC0-301F-11D3-BF4B-00C04F79EFBC}") = "TestLab4", "TestLab4\TestLab4.csproj", "{1319EB62-9117-4349-9804-6CC91BD44E58}"
EndProject
Global
	GlobalSection(SolutionConfigurationPlatforms) = preSolution
		Debug|Any CPU = Debug|Any CPU
		Release|Any CPU = Release|Any CPU
	EndGlobalSection
	GlobalSection(ProjectConfigurationPlatforms) = postSolution
		{43ADBD47-40A3-48CD-B3CC-2DEA560A769C}.Debug|Any CPU.ActiveCfg = Debug|Any CPU
		{43ADBD47-40A3-48CD-B3CC-2DEA560A769C}.Debug|Any CPU.Build.0 = Debug|Any CPU
		{43ADBD47-40A3-48CD-B3CC-2DEA560A769C}.Release|Any CPU.ActiveCfg = Release|Any CPU
		{43ADBD47-40A3-48CD-B3CC-2DEA560A769C}.Release|Any CPU.Build.0 = Release|Any CPU
		{1319EB62-9117-4349-9804-6CC91BD44E58}.Debug|Any CPU.ActiveCfg = Debug|Any CPU
		{1319EB62-9117-4349-9804-6CC91BD44E58}.Debug|Any CPU.Build.0 = Debug|Any CPU
		{1319EB62-9117-4349-9804-6CC91BD44E58}.Release|Any CPU.ActiveCfg = Release|Any CPU
		{1319EB62-9117-4349-9804-6CC91BD44E58}.Release|Any CPU.Build.0 = Release|Any CPU
	EndGlobalSection
	GlobalSection(SolutionProperties) = preSolution
		HideSolutionNode = FALSE
	EndGlobalSection
	GlobalSection(ExtensibilityGlobals) = postSolution
		SolutionGuid = {2B109E3F-EF6A-4611-89B7-5D9DF118FEC2}
	EndGlobalSection
EndGlobal
